
Microsoft Visual Studio Solution File, Format Version 12.00
# Visual Studio Version 17
VisualStudioVersion = 17.2.32630.192
MinimumVisualStudioVersion = 10.0.40219.1
Project("{FAE04EC0-301F-11D3-BF4B-00C04F79EFBC}") = "MovingFormByByttonPress", "MovingFormByByttonPress\MovingFormByByttonPress.csproj", "{DAF7978B-D111-4CA5-A652-F241D4B40493}"
EndProject
Global
	GlobalSection(SolutionConfigurationPlatforms) = preSolution
		Debug|Any CPU = Debug|Any CPU
		Release|Any CPU = Release|Any CPU
	EndGlobalSection
	GlobalSection(ProjectConfigurationPlatforms) = postSolution
		{DAF7978B-D111-4CA5-A652-F241D4B40493}.Debug|Any CPU.ActiveCfg = Debug|Any CPU
		{DAF7978B-D111-4CA5-A652-F241D4B40493}.Debug|Any CPU.Build.0 = Debug|Any CPU
		{DAF7978B-D111-4CA5-A652-F241D4B40493}.Release|Any CPU.ActiveCfg = Release|Any CPU
		{DAF7978B-D111-4CA5-A652-F241D4B40493}.Release|Any CPU.Build.0 = Release|Any CPU
	EndGlobalSection
	GlobalSection(SolutionProperties) = preSolution
		HideSolutionNode = FALSE
	EndGlobalSection
	GlobalSection(ExtensibilityGlobals) = postSolution
		SolutionGuid = {F868CCD1-1AB6-4AD1-BAE2-CE3FE9AD88CE}
	EndGlobalSection
EndGlobal
